
Microsoft Visual Studio Solution File, Format Version 12.00
# Visual Studio Version 17
VisualStudioVersion = 17.11.35431.28
MinimumVisualStudioVersion = 10.0.40219.1
Project("{FAE04EC0-301F-11D3-BF4B-00C04F79EFBC}") = "EmployeeMgmtSystem", "EmployeeMgmtSystem\EmployeeMgmtSystem.csproj", "{3303DCC7-E14B-4A4B-9749-73C2E7EEDBDA}"
EndProject
Global
	GlobalSection(SolutionConfigurationPlatforms) = preSolution
		Debug|Any CPU = Debug|Any CPU
		Release|Any CPU = Release|Any CPU
	EndGlobalSection
	GlobalSection(ProjectConfigurationPlatforms) = postSolution
		{3303DCC7-E14B-4A4B-9749-73C2E7EEDBDA}.Debug|Any CPU.ActiveCfg = Debug|Any CPU
		{3303DCC7-E14B-4A4B-9749-73C2E7EEDBDA}.Debug|Any CPU.Build.0 = Debug|Any CPU
		{3303DCC7-E14B-4A4B-9749-73C2E7EEDBDA}.Release|Any CPU.ActiveCfg = Release|Any CPU
		{3303DCC7-E14B-4A4B-9749-73C2E7EEDBDA}.Release|Any CPU.Build.0 = Release|Any CPU
	EndGlobalSection
	GlobalSection(SolutionProperties) = preSolution
		HideSolutionNode = FALSE
	EndGlobalSection
	GlobalSection(ExtensibilityGlobals) = postSolution
		SolutionGuid = {4BE81078-205B-435E-9C14-E9F293BDFF2E}
	EndGlobalSection
EndGlobal
